// !$*UTF8*$!
{
	archiveVersion = 1;
	classes = {
	};
	objectVersion = 50;
	objects = {

/* Begin PBXBuildFile section */
		EFE8EE53233CA68C00F6E468 /* AppDelegate.swift in Sources */ = {isa = PBXBuildFile; fileRef = EFE8EE52233CA68C00F6E468 /* AppDelegate.swift */; };
		EFE8EE55233CA68C00F6E468 /* SceneDelegate.swift in Sources */ = {isa = PBXBuildFile; fileRef = EFE8EE54233CA68C00F6E468 /* SceneDelegate.swift */; };
		EFE8EE57233CA68C00F6E468 /* ContentView.swift in Sources */ = {isa = PBXBuildFile; fileRef = EFE8EE56233CA68C00F6E468 /* ContentView.swift */; };
		EFE8EE59233CA68E00F6E468 /* Assets.xcassets in Resources */ = {isa = PBXBuildFile; fileRef = EFE8EE58233CA68E00F6E468 /* Assets.xcassets */; };
		EFE8EE5C233CA68E00F6E468 /* Preview Assets.xcassets in Resources */ = {isa = PBXBuildFile; fileRef = EFE8EE5B233CA68E00F6E468 /* Preview Assets.xcassets */; };
		EFE8EE5F233CA68E00F6E468 /* LaunchScreen.storyboard in Resources */ = {isa = PBXBuildFile; fileRef = EFE8EE5D233CA68E00F6E468 /* LaunchScreen.storyboard */; };
		EFE8EE6A233CA68F00F6E468 /* MyFirstAppTests.swift in Sources */ = {isa = PBXBuildFile; fileRef = EFE8EE69233CA68F00F6E468 /* MyFirstAppTests.swift */; };
		EFE8EE75233CA68F00F6E468 /* MyFirstAppUITests.swift in Sources */ = {isa = PBXBuildFile; fileRef = EFE8EE74233CA68F00F6E468 /* MyFirstAppUITests.swift */; };
/* End PBXBuildFile section */

/* Begin PBXContainerItemProxy section */
		EFE8EE66233CA68E00F6E468 /* PBXContainerItemProxy */ = {
			isa = PBXContainerItemProxy;
			containerPortal = EFE8EE47233CA68C00F6E468 /* Project object */;
			proxyType = 1;
			remoteGlobalIDString = EFE8EE4E233CA68C00F6E468;
			remoteInfo = MyFirstApp;
		};
		EFE8EE71233CA68F00F6E468 /* PBXContainerItemProxy */ = {
			isa = PBXContainerItemProxy;
			containerPortal = EFE8EE47233CA68C00F6E468 /* Project object */;
			proxyType = 1;
			remoteGlobalIDString = EFE8EE4E233CA68C00F6E468;
			remoteInfo = MyFirstApp;
		};
/* End PBXContainerItemProxy section */

/* Begin PBXFileReference section */
		EFE8EE4F233CA68C00F6E468 /* MyFirstApp.app */ = {isa = PBXFileReference; explicitFileType = wrapper.application; includeInIndex = 0; path = MyFirstApp.app; sourceTree = BUILT_PRODUCTS_DIR; };
		EFE8EE52233CA68C00F6E468 /* AppDelegate.swift */ = {isa = PBXFileReference; lastKnownFileType = sourcecode.swift; path = AppDelegate.swift; sourceTree = "<group>"; };
		EFE8EE54233CA68C00F6E468 /* SceneDelegate.swift */ = {isa = PBXFileReference; lastKnownFileType = sourcecode.swift; path = SceneDelegate.swift; sourceTree = "<group>"; };
		EFE8EE56233CA68C00F6E468 /* ContentView.swift */ = {isa = PBXFileReference; lastKnownFileType = sourcecode.swift; path = ContentView.swift; sourceTree = "<group>"; };
		EFE8EE58233CA68E00F6E468 /* Assets.xcassets */ = {isa = PBXFileReference; lastKnownFileType = folder.assetcatalog; path = Assets.xcassets; sourceTree = "<group>"; };
		EFE8EE5B233CA68E00F6E468 /* Preview Assets.xcassets */ = {isa = PBXFileReference; lastKnownFileType = folder.assetcatalog; path = "Preview Assets.xcassets"; sourceTree = "<group>"; };
		EFE8EE5E233CA68E00F6E468 /* Base */ = {isa = PBXFileReference; lastKnownFileType = file.storyboard; name = Base; path = Base.lproj/LaunchScreen.storyboard; sourceTree = "<group>"; };
		EFE8EE60233CA68E00F6E468 /* Info.plist */ = {isa = PBXFileReference; lastKnownFileType = text.plist.xml; path = Info.plist; sourceTree = "<group>"; };
		EFE8EE65233CA68E00F6E468 /* MyFirstAppTests.xctest */ = {isa = PBXFileReference; explicitFileType = wrapper.cfbundle; includeInIndex = 0; path = MyFirstAppTests.xctest; sourceTree = BUILT_PRODUCTS_DIR; };
		EFE8EE69233CA68F00F6E468 /* MyFirstAppTests.swift */ = {isa = PBXFileReference; lastKnownFileType = sourcecode.swift; path = MyFirstAppTests.swift; sourceTree = "<group>"; };
		EFE8EE6B233CA68F00F6E468 /* Info.plist */ = {isa = PBXFileReference; lastKnownFileType = text.plist.xml; path = Info.plist; sourceTree = "<group>"; };
		EFE8EE70233CA68F00F6E468 /* MyFirstAppUITests.xctest */ = {isa = PBXFileReference; explicitFileType = wrapper.cfbundle; includeInIndex = 0; path = MyFirstAppUITests.xctest; sourceTree = BUILT_PRODUCTS_DIR; };
		EFE8EE74233CA68F00F6E468 /* MyFirstAppUITests.swift */ = {isa = PBXFileReference; lastKnownFileType = sourcecode.swift; path = MyFirstAppUITests.swift; sourceTree = "<group>"; };
		EFE8EE76233CA68F00F6E468 /* Info.plist */ = {isa = PBXFileReference; lastKnownFileType = text.plist.xml; path = Info.plist; sourceTree = "<group>"; };
/* End PBXFileReference section */

/* Begin PBXFrameworksBuildPhase section */
		EFE8EE4C233CA68C00F6E468 /* Frameworks */ = {
			isa = PBXFrameworksBuildPhase;
			buildActionMask = 2147483647;
			files = (
			);
			runOnlyForDeploymentPostprocessing = 0;
		};
		EFE8EE62233CA68E00F6E468 /* Frameworks */ = {
			isa = PBXFrameworksBuildPhase;
			buildActionMask = 2147483647;
			files = (
			);
			runOnlyForDeploymentPostprocessing = 0;
		};
		EFE8EE6D233CA68F00F6E468 /* Frameworks */ = {
			isa = PBXFrameworksBuildPhase;
			buildActionMask = 2147483647;
			files = (
			);
			runOnlyForDeploymentPostprocessing = 0;
		};
/* End PBXFrameworksBuildPhase section */

/* Begin PBXGroup section */
		EFE8EE46233CA68C00F6E468 = {
			isa = PBXGroup;
			children = (
				EFE8EE51233CA68C00F6E468 /* MyFirstApp */,
				EFE8EE68233CA68F00F6E468 /* MyFirstAppTests */,
				EFE8EE73233CA68F00F6E468 /* MyFirstAppUITests */,
				EFE8EE50233CA68C00F6E468 /* Products */,
			);
			sourceTree = "<group>";
		};
		EFE8EE50233CA68C00F6E468 /* Products */ = {
			isa = PBXGroup;
			children = (
				EFE8EE4F233CA68C00F6E468 /* MyFirstApp.app */,
				EFE8EE65233CA68E00F6E468 /* MyFirstAppTests.xctest */,
				EFE8EE70233CA68F00F6E468 /* MyFirstAppUITests.xctest */,
			);
			name = Products;
			sourceTree = "<group>";
		};
		EFE8EE51233CA68C00F6E468 /* MyFirstApp */ = {
			isa = PBXGroup;
			children = (
				EFE8EE52233CA68C00F6E468 /* AppDelegate.swift */,
				EFE8EE54233CA68C00F6E468 /* SceneDelegate.swift */,
				EFE8EE56233CA68C00F6E468 /* ContentView.swift */,
				EFE8EE58233CA68E00F6E468 /* Assets.xcassets */,
				EFE8EE5D233CA68E00F6E468 /* LaunchScreen.storyboard */,
				EFE8EE60233CA68E00F6E468 /* Info.plist */,
				EFE8EE5A233CA68E00F6E468 /* Preview Content */,
			);
			path = MyFirstApp;
			sourceTree = "<group>";
		};
		EFE8EE5A233CA68E00F6E468 /* Preview Content */ = {
			isa = PBXGroup;
			children = (
				EFE8EE5B233CA68E00F6E468 /* Preview Assets.xcassets */,
			);
			path = "Preview Content";
			sourceTree = "<group>";
		};
		EFE8EE68233CA68F00F6E468 /* MyFirstAppTests */ = {
			isa = PBXGroup;
			children = (
				EFE8EE69233CA68F00F6E468 /* MyFirstAppTests.swift */,
				EFE8EE6B233CA68F00F6E468 /* Info.plist */,
			);
			path = MyFirstAppTests;
			sourceTree = "<group>";
		};
		EFE8EE73233CA68F00F6E468 /* MyFirstAppUITests */ = {
			isa = PBXGroup;
			children = (
				EFE8EE74233CA68F00F6E468 /* MyFirstAppUITests.swift */,
				EFE8EE76233CA68F00F6E468 /* Info.plist */,
			);
			path = MyFirstAppUITests;
			sourceTree = "<group>";
		};
/* End PBXGroup section */

/* Begin PBXNativeTarget section */
		EFE8EE4E233CA68C00F6E468 /* MyFirstApp */ = {
			isa = PBXNativeTarget;
			buildConfigurationList = EFE8EE79233CA68F00F6E468 /* Build configuration list for PBXNativeTarget "MyFirstApp" */;
			buildPhases = (
				EFE8EE4B233CA68C00F6E468 /* Sources */,
				EFE8EE4C233CA68C00F6E468 /* Frameworks */,
				EFE8EE4D233CA68C00F6E468 /* Resources */,
			);
			buildRules = (
			);
			dependencies = (
			);
			name = MyFirstApp;
			productName = MyFirstApp;
			productReference = EFE8EE4F233CA68C00F6E468 /* MyFirstApp.app */;
			productType = "com.apple.product-type.application";
		};
		EFE8EE64233CA68E00F6E468 /* MyFirstAppTests */ = {
			isa = PBXNativeTarget;
			buildConfigurationList = EFE8EE7C233CA68F00F6E468 /* Build configuration list for PBXNativeTarget "MyFirstAppTests" */;
			buildPhases = (
				EFE8EE61233CA68E00F6E468 /* Sources */,
				EFE8EE62233CA68E00F6E468 /* Frameworks */,
				EFE8EE63233CA68E00F6E468 /* Resources */,
			);
			buildRules = (
			);
			dependencies = (
				EFE8EE67233CA68E00F6E468 /* PBXTargetDependency */,
			);
			name = MyFirstAppTests;
			productName = MyFirstAppTests;
			productReference = EFE8EE65233CA68E00F6E468 /* MyFirstAppTests.xctest */;
			productType = "com.apple.product-type.bundle.unit-test";
		};
		EFE8EE6F233CA68F00F6E468 /* MyFirstAppUITests */ = {
			isa = PBXNativeTarget;
			buildConfigurationList = EFE8EE7F233CA68F00F6E468 /* Build configuration list for PBXNativeTarget "MyFirstAppUITests" */;
			buildPhases = (
				EFE8EE6C233CA68F00F6E468 /* Sources */,
				EFE8EE6D233CA68F00F6E468 /* Frameworks */,
				EFE8EE6E233CA68F00F6E468 /* Resources */,
			);
			buildRules = (
			);
			dependencies = (
				EFE8EE72233CA68F00F6E468 /* PBXTargetDependency */,
			);
			name = MyFirstAppUITests;
			productName = MyFirstAppUITests;
			productReference = EFE8EE70233CA68F00F6E468 /* MyFirstAppUITests.xctest */;
			productType = "com.apple.product-type.bundle.ui-testing";
		};
/* End PBXNativeTarget section */

/* Begin PBXProject section */
		EFE8EE47233CA68C00F6E468 /* Project object */ = {
			isa = PBXProject;
			attributes = {
				LastSwiftUpdateCheck = 1100;
				LastUpgradeCheck = 1100;
				ORGANIZATIONNAME = "江川甫";
				TargetAttributes = {
					EFE8EE4E233CA68C00F6E468 = {
						CreatedOnToolsVersion = 11.0;
					};
					EFE8EE64233CA68E00F6E468 = {
						CreatedOnToolsVersion = 11.0;
						TestTargetID = EFE8EE4E233CA68C00F6E468;
					};
					EFE8EE6F233CA68F00F6E468 = {
						CreatedOnToolsVersion = 11.0;
						TestTargetID = EFE8EE4E233CA68C00F6E468;
					};
				};
			};
			buildConfigurationList = EFE8EE4A233CA68C00F6E468 /* Build configuration list for PBXProject "MyFirstApp" */;
			compatibilityVersion = "Xcode 9.3";
			developmentRegion = en;
			hasScannedForEncodings = 0;
			knownRegions = (
				en,
				Base,
			);
			mainGroup = EFE8EE46233CA68C00F6E468;
			productRefGroup = EFE8EE50233CA68C00F6E468 /* Products */;
			projectDirPath = "";
			projectRoot = "";
			targets = (
				EFE8EE4E233CA68C00F6E468 /* MyFirstApp */,
				EFE8EE64233CA68E00F6E468 /* MyFirstAppTests */,
				EFE8EE6F233CA68F00F6E468 /* MyFirstAppUITests */,
			);
		};
/* End PBXProject section */

/* Begin PBXResourcesBuildPhase section */
		EFE8EE4D233CA68C00F6E468 /* Resources */ = {
			isa = PBXResourcesBuildPhase;
			buildActionMask = 2147483647;
			files = (
				EFE8EE5F233CA68E00F6E468 /* LaunchScreen.storyboard in Resources */,
				EFE8EE5C233CA68E00F6E468 /* Preview Assets.xcassets in Resources */,
				EFE8EE59233CA68E00F6E468 /* Assets.xcassets in Resources */,
			);
			runOnlyForDeploymentPostprocessing = 0;
		};
		EFE8EE63233CA68E00F6E468 /* Resources */ = {
			isa = PBXResourcesBuildPhase;
			buildActionMask = 2147483647;
			files = (
			);
			runOnlyForDeploymentPostprocessing = 0;
		};
		EFE8EE6E233CA68F00F6E468 /* Resources */ = {
			isa = PBXResourcesBuildPhase;
			buildActionMask = 2147483647;
			files = (
			);
			runOnlyForDeploymentPostprocessing = 0;
		};
/* End PBXResourcesBuildPhase section */

/* Begin PBXSourcesBuildPhase section */
		EFE8EE4B233CA68C00F6E468 /* Sources */ = {
			isa = PBXSourcesBuildPhase;
			buildActionMask = 2147483647;
			files = (
				EFE8EE53233CA68C00F6E468 /* AppDelegate.swift in Sources */,
				EFE8EE55233CA68C00F6E468 /* SceneDelegate.swift in Sources */,
				EFE8EE57233CA68C00F6E468 /* ContentView.swift in Sources */,
			);
			runOnlyForDeploymentPostprocessing = 0;
		};
		EFE8EE61233CA68E00F6E468 /* Sources */ = {
			isa = PBXSourcesBuildPhase;
			buildActionMask = 2147483647;
			files = (
				EFE8EE6A233CA68F00F6E468 /* MyFirstAppTests.swift in Sources */,
			);
			runOnlyForDeploymentPostprocessing = 0;
		};
		EFE8EE6C233CA68F00F6E468 /* Sources */ = {
			isa = PBXSourcesBuildPhase;
			buildActionMask = 2147483647;
			files = (
				EFE8EE75233CA68F00F6E468 /* MyFirstAppUITests.swift in Sources */,
			);
			runOnlyForDeploymentPostprocessing = 0;
		};
/* End PBXSourcesBuildPhase section */

/* Begin PBXTargetDependency section */
		EFE8EE67233CA68E00F6E468 /* PBXTargetDependency */ = {
			isa = PBXTargetDependency;
			target = EFE8EE4E233CA68C00F6E468 /* MyFirstApp */;
			targetProxy = EFE8EE66233CA68E00F6E468 /* PBXContainerItemProxy */;
		};
		EFE8EE72233CA68F00F6E468 /* PBXTargetDependency */ = {
			isa = PBXTargetDependency;
			target = EFE8EE4E233CA68C00F6E468 /* MyFirstApp */;
			targetProxy = EFE8EE71233CA68F00F6E468 /* PBXContainerItemProxy */;
		};
/* End PBXTargetDependency section */

/* Begin PBXVariantGroup section */
		EFE8EE5D233CA68E00F6E468 /* LaunchScreen.storyboard */ = {
			isa = PBXVariantGroup;
			children = (
				EFE8EE5E233CA68E00F6E468 /* Base */,
			);
			name = LaunchScreen.storyboard;
			sourceTree = "<group>";
		};
/* End PBXVariantGroup section */

/* Begin XCBuildConfiguration section */
		EFE8EE77233CA68F00F6E468 /* Debug */ = {
			isa = XCBuildConfiguration;
			buildSettings = {
				ALWAYS_SEARCH_USER_PATHS = NO;
				CLANG_ANALYZER_NONNULL = YES;
				CLANG_ANALYZER_NUMBER_OBJECT_CONVERSION = YES_AGGRESSIVE;
				CLANG_CXX_LANGUAGE_STANDARD = "gnu++14";
				CLANG_CXX_LIBRARY = "libc++";
				CLANG_ENABLE_MODULES = YES;
				CLANG_ENABLE_OBJC_ARC = YES;
				CLANG_ENABLE_OBJC_WEAK = YES;
				CLANG_WARN_BLOCK_CAPTURE_AUTORELEASING = YES;
				CLANG_WARN_BOOL_CONVERSION = YES;
				CLANG_WARN_COMMA = YES;
				CLANG_WARN_CONSTANT_CONVERSION = YES;
				CLANG_WARN_DEPRECATED_OBJC_IMPLEMENTATIONS = YES;
				CLANG_WARN_DIRECT_OBJC_ISA_USAGE = YES_ERROR;
				CLANG_WARN_DOCUMENTATION_COMMENTS = YES;
				CLANG_WARN_EMPTY_BODY = YES;
				CLANG_WARN_ENUM_CONVERSION = YES;
				CLANG_WARN_INFINITE_RECURSION = YES;
				CLANG_WARN_INT_CONVERSION = YES;
				CLANG_WARN_NON_LITERAL_NULL_CONVERSION = YES;
				CLANG_WARN_OBJC_IMPLICIT_RETAIN_SELF = YES;
				CLANG_WARN_OBJC_LITERAL_CONVERSION = YES;
				CLANG_WARN_OBJC_ROOT_CLASS = YES_ERROR;
				CLANG_WARN_RANGE_LOOP_ANALYSIS = YES;
				CLANG_WARN_STRICT_PROTOTYPES = YES;
				CLANG_WARN_SUSPICIOUS_MOVE = YES;
				CLANG_WARN_UNGUARDED_AVAILABILITY = YES_AGGRESSIVE;
				CLANG_WARN_UNREACHABLE_CODE = YES;
				CLANG_WARN__DUPLICATE_METHOD_MATCH = YES;
				COPY_PHASE_STRIP = NO;
				DEBUG_INFORMATION_FORMAT = dwarf;
				ENABLE_STRICT_OBJC_MSGSEND = YES;
				ENABLE_TESTABILITY = YES;
				GCC_C_LANGUAGE_STANDARD = gnu11;
				GCC_DYNAMIC_NO_PIC = NO;
				GCC_NO_COMMON_BLOCKS = YES;
				GCC_OPTIMIZATION_LEVEL = 0;
				GCC_PREPROCESSOR_DEFINITIONS = (
					"DEBUG=1",
					"$(inherited)",
				);
				GCC_WARN_64_TO_32_BIT_CONVERSION = YES;
				GCC_WARN_ABOUT_RETURN_TYPE = YES_ERROR;
				GCC_WARN_UNDECLARED_SELECTOR = YES;
				GCC_WARN_UNINITIALIZED_AUTOS = YES_AGGRESSIVE;
				GCC_WARN_UNUSED_FUNCTION = YES;
				GCC_WARN_UNUSED_VARIABLE = YES;
				IPHONEOS_DEPLOYMENT_TARGET = 13.0;
				MTL_ENABLE_DEBUG_INFO = INCLUDE_SOURCE;
				MTL_FAST_MATH = YES;
				ONLY_ACTIVE_ARCH = YES;
				SDKROOT = iphoneos;
				SWIFT_ACTIVE_COMPILATION_CONDITIONS = DEBUG;
				SWIFT_OPTIMIZATION_LEVEL = "-Onone";
			};
			name = Debug;
		};
		EFE8EE78233CA68F00F6E468 /* Release */ = {
			isa = XCBuildConfiguration;
			buildSettings = {
				ALWAYS_SEARCH_USER_PATHS = NO;
				CLANG_ANALYZER_NONNULL = YES;
				CLANG_ANALYZER_NUMBER_OBJECT_CONVERSION = YES_AGGRESSIVE;
				CLANG_CXX_LANGUAGE_STANDARD = "gnu++14";
				CLANG_CXX_LIBRARY = "libc++";
				CLANG_ENABLE_MODULES = YES;
				CLANG_ENABLE_OBJC_ARC = YES;
				CLANG_ENABLE_OBJC_WEAK = YES;
				CLANG_WARN_BLOCK_CAPTURE_AUTORELEASING = YES;
				CLANG_WARN_BOOL_CONVERSION = YES;
				CLANG_WARN_COMMA = YES;
				CLANG_WARN_CONSTANT_CONVERSION = YES;
				CLANG_WARN_DEPRECATED_OBJC_IMPLEMENTATIONS = YES;
				CLANG_WARN_DIRECT_OBJC_ISA_USAGE = YES_ERROR;
				CLANG_WARN_DOCUMENTATION_COMMENTS = YES;
				CLANG_WARN_EMPTY_BODY = YES;
				CLANG_WARN_ENUM_CONVERSION = YES;
				CLANG_WARN_INFINITE_RECURSION = YES;
				CLANG_WARN_INT_CONVERSION = YES;
				CLANG_WARN_NON_LITERAL_NULL_CONVERSION = YES;
				CLANG_WARN_OBJC_IMPLICIT_RETAIN_SELF = YES;
				CLANG_WARN_OBJC_LITERAL_CONVERSION = YES;
				CLANG_WARN_OBJC_ROOT_CLASS = YES_ERROR;
				CLANG_WARN_RANGE_LOOP_ANALYSIS = YES;
				CLANG_WARN_STRICT_PROTOTYPES = YES;
				CLANG_WARN_SUSPICIOUS_MOVE = YES;
				CLANG_WARN_UNGUARDED_AVAILABILITY = YES_AGGRESSIVE;
				CLANG_WARN_UNREACHABLE_CODE = YES;
				CLANG_WARN__DUPLICATE_METHOD_MATCH = YES;
				COPY_PHASE_STRIP = NO;
				DEBUG_INFORMATION_FORMAT = "dwarf-with-dsym";
				ENABLE_NS_ASSERTIONS = NO;
				ENABLE_STRICT_OBJC_MSGSEND = YES;
				GCC_C_LANGUAGE_STANDARD = gnu11;
				GCC_NO_COMMON_BLOCKS = YES;
				GCC_WARN_64_TO_32_BIT_CONVERSION = YES;
				GCC_WARN_ABOUT_RETURN_TYPE = YES_ERROR;
				GCC_WARN_UNDECLARED_SELECTOR = YES;
				GCC_WARN_UNINITIALIZED_AUTOS = YES_AGGRESSIVE;
				GCC_WARN_UNUSED_FUNCTION = YES;
				GCC_WARN_UNUSED_VARIABLE = YES;
				IPHONEOS_DEPLOYMENT_TARGET = 13.0;
				MTL_ENABLE_DEBUG_INFO = NO;
				MTL_FAST_MATH = YES;
				SDKROOT = iphoneos;
				SWIFT_COMPILATION_MODE = wholemodule;
				SWIFT_OPTIMIZATION_LEVEL = "-O";
				VALIDATE_PRODUCT = YES;
			};
			name = Release;
		};
		EFE8EE7A233CA68F00F6E468 /* Debug */ = {
			isa = XCBuildConfiguration;
			buildSettings = {
				ASSETCATALOG_COMPILER_APPICON_NAME = AppIcon;
				CODE_SIGN_STYLE = Automatic;
				DEVELOPMENT_ASSET_PATHS = "\"MyFirstApp/Preview Content\"";
				ENABLE_PREVIEWS = YES;
				INFOPLIST_FILE = MyFirstApp/Info.plist;
				LD_RUNPATH_SEARCH_PATHS = (
					"$(inherited)",
					"@executable_path/Frameworks",
				);
				PRODUCT_BUNDLE_IDENTIFIER = com.erc.MyFirstApp;
				PRODUCT_NAME = "$(TARGET_NAME)";
				SWIFT_VERSION = 5.0;
				TARGETED_DEVICE_FAMILY = "1,2";
			};
			name = Debug;
		};
		EFE8EE7B233CA68F00F6E468 /* Release */ = {
			isa = XCBuildConfiguration;
			buildSettings = {
				ASSETCATALOG_COMPILER_APPICON_NAME = AppIcon;
				CODE_SIGN_STYLE = Automatic;
				DEVELOPMENT_ASSET_PATHS = "\"MyFirstApp/Preview Content\"";
				ENABLE_PREVIEWS = YES;
				INFOPLIST_FILE = MyFirstApp/Info.plist;
				LD_RUNPATH_SEARCH_PATHS = (
					"$(inherited)",
					"@executable_path/Frameworks",
				);
				PRODUCT_BUNDLE_IDENTIFIER = com.erc.MyFirstApp;
				PRODUCT_NAME = "$(TARGET_NAME)";
				SWIFT_VERSION = 5.0;
				TARGETED_DEVICE_FAMILY = "1,2";
			};
			name = Release;
		};
		EFE8EE7D233CA68F00F6E468 /* Debug */ = {
			isa = XCBuildConfiguration;
			buildSettings = {
				ALWAYS_EMBED_SWIFT_STANDARD_LIBRARIES = YES;
				BUNDLE_LOADER = "$(TEST_HOST)";
				CODE_SIGN_STYLE = Automatic;
				INFOPLIST_FILE = MyFirstAppTests/Info.plist;
				IPHONEOS_DEPLOYMENT_TARGET = 13.0;
				LD_RUNPATH_SEARCH_PATHS = (
					"$(inherited)",
					"@executable_path/Frameworks",
					"@loader_path/Frameworks",
				);
				PRODUCT_BUNDLE_IDENTIFIER = com.erc.MyFirstAppTests;
				PRODUCT_NAME = "$(TARGET_NAME)";
				SWIFT_VERSION = 5.0;
				TARGETED_DEVICE_FAMILY = "1,2";
				TEST_HOST = "$(BUILT_PRODUCTS_DIR)/MyFirstApp.app/MyFirstApp";
			};
			name = Debug;
		};
		EFE8EE7E233CA68F00F6E468 /* Release */ = {
			isa = XCBuildConfiguration;
			buildSettings = {
				ALWAYS_EMBED_SWIFT_STANDARD_LIBRARIES = YES;
				BUNDLE_LOADER = "$(TEST_HOST)";
				CODE_SIGN_STYLE = Automatic;
				INFOPLIST_FILE = MyFirstAppTests/Info.plist;
				IPHONEOS_DEPLOYMENT_TARGET = 13.0;
				LD_RUNPATH_SEARCH_PATHS = (
					"$(inherited)",
					"@executable_path/Frameworks",
					"@loader_path/Frameworks",
				);
				PRODUCT_BUNDLE_IDENTIFIER = com.erc.MyFirstAppTests;
				PRODUCT_NAME = "$(TARGET_NAME)";
				SWIFT_VERSION = 5.0;
				TARGETED_DEVICE_FAMILY = "1,2";
				TEST_HOST = "$(BUILT_PRODUCTS_DIR)/MyFirstApp.app/MyFirstApp";
			};
			name = Release;
		};
		EFE8EE80233CA68F00F6E468 /* Debug */ = {
			isa = XCBuildConfiguration;
			buildSettings = {
				ALWAYS_EMBED_SWIFT_STANDARD_LIBRARIES = YES;
				CODE_SIGN_STYLE = Automatic;
				INFOPLIST_FILE = MyFirstAppUITests/Info.plist;
				LD_RUNPATH_SEARCH_PATHS = (
					"$(inherited)",
					"@executable_path/Frameworks",
					"@loader_path/Frameworks",
				);
				PRODUCT_BUNDLE_IDENTIFIER = com.erc.MyFirstAppUITests;
				PRODUCT_NAME = "$(TARGET_NAME)";
				SWIFT_VERSION = 5.0;
				TARGETED_DEVICE_FAMILY = "1,2";
				TEST_TARGET_NAME = MyFirstApp;
			};
			name = Debug;
		};
		EFE8EE81233CA68F00F6E468 /* Release */ = {
			isa = XCBuildConfiguration;
			buildSettings = {
				ALWAYS_EMBED_SWIFT_STANDARD_LIBRARIES = YES;
				CODE_SIGN_STYLE = Automatic;
				INFOPLIST_FILE = MyFirstAppUITests/Info.plist;
				LD_RUNPATH_SEARCH_PATHS = (
					"$(inherited)",
					"@executable_path/Frameworks",
					"@loader_path/Frameworks",
				);
				PRODUCT_BUNDLE_IDENTIFIER = com.erc.MyFirstAppUITests;
				PRODUCT_NAME = "$(TARGET_NAME)";
				SWIFT_VERSION = 5.0;
				TARGETED_DEVICE_FAMILY = "1,2";
				TEST_TARGET_NAME = MyFirstApp;
			};
			name = Release;
		};
/* End XCBuildConfiguration section */

/* Begin XCConfigurationList section */
		EFE8EE4A233CA68C00F6E468 /* Build configuration list for PBXProject "MyFirstApp" */ = {
			isa = XCConfigurationList;
			buildConfigurations = (
				EFE8EE77233CA68F00F6E468 /* Debug */,
				EFE8EE78233CA68F00F6E468 /* Release */,
			);
			defaultConfigurationIsVisible = 0;
			defaultConfigurationName = Release;
		};
		EFE8EE79233CA68F00F6E468 /* Build configuration list for PBXNativeTarget "MyFirstApp" */ = {
			isa = XCConfigurationList;
			buildConfigurations = (
				EFE8EE7A233CA68F00F6E468 /* Debug */,
				EFE8EE7B233CA68F00F6E468 /* Release */,
			);
			defaultConfigurationIsVisible = 0;
			defaultConfigurationName = Release;
		};
		EFE8EE7C233CA68F00F6E468 /* Build configuration list for PBXNativeTarget "MyFirstAppTests" */ = {
			isa = XCConfigurationList;
			buildConfigurations = (
				EFE8EE7D233CA68F00F6E468 /* Debug */,
				EFE8EE7E233CA68F00F6E468 /* Release */,
			);
			defaultConfigurationIsVisible = 0;
			defaultConfigurationName = Release;
		};
		EFE8EE7F233CA68F00F6E468 /* Build configuration list for PBXNativeTarget "MyFirstAppUITests" */ = {
			isa = XCConfigurationList;
			buildConfigurations = (
				EFE8EE80233CA68F00F6E468 /* Debug */,
				EFE8EE81233CA68F00F6E468 /* Release */,
			);
			defaultConfigurationIsVisible = 0;
			defaultConfigurationName = Release;
		};
/* End XCConfigurationList section */
	};
	rootObject = EFE8EE47233CA68C00F6E468 /* Project object */;
}
